
Microsoft Visual Studio Solution File, Format Version 12.00
# Visual Studio 2012
Project("{FAE04EC0-301F-11D3-BF4B-00C04F79EFBC}") = "01.Ticket", "01.Ticket\01.Ticket.csproj", "{EB35D138-8622-4B2E-A07C-ED720163667F}"
EndProject
Project("{FAE04EC0-301F-11D3-BF4B-00C04F79EFBC}") = "02.Countries", "02.Countries\02.Countries.csproj", "{1C010282-8EFB-4148-A593-740CA52714C1}"
EndProject
Project("{FAE04EC0-301F-11D3-BF4B-00C04F79EFBC}") = "03.HTMLDecpration", "03.HTMLDecpration\03.HTMLDecpration.csproj", "{D93F88BA-27F2-4238-ADB2-F0C9E0B5203A}"
EndProject
Global
	GlobalSection(SolutionConfigurationPlatforms) = preSolution
		Debug|Any CPU = Debug|Any CPU
		Release|Any CPU = Release|Any CPU
	EndGlobalSection
	GlobalSection(ProjectConfigurationPlatforms) = postSolution
		{EB35D138-8622-4B2E-A07C-ED720163667F}.Debug|Any CPU.ActiveCfg = Debug|Any CPU
		{EB35D138-8622-4B2E-A07C-ED720163667F}.Debug|Any CPU.Build.0 = Debug|Any CPU
		{EB35D138-8622-4B2E-A07C-ED720163667F}.Release|Any CPU.ActiveCfg = Release|Any CPU
		{EB35D138-8622-4B2E-A07C-ED720163667F}.Release|Any CPU.Build.0 = Release|Any CPU
		{1C010282-8EFB-4148-A593-740CA52714C1}.Debug|Any CPU.ActiveCfg = Debug|Any CPU
		{1C010282-8EFB-4148-A593-740CA52714C1}.Debug|Any CPU.Build.0 = Debug|Any CPU
		{1C010282-8EFB-4148-A593-740CA52714C1}.Release|Any CPU.ActiveCfg = Release|Any CPU
		{1C010282-8EFB-4148-A593-740CA52714C1}.Release|Any CPU.Build.0 = Release|Any CPU
		{D93F88BA-27F2-4238-ADB2-F0C9E0B5203A}.Debug|Any CPU.ActiveCfg = Debug|Any CPU
		{D93F88BA-27F2-4238-ADB2-F0C9E0B5203A}.Debug|Any CPU.Build.0 = Debug|Any CPU
		{D93F88BA-27F2-4238-ADB2-F0C9E0B5203A}.Release|Any CPU.ActiveCfg = Release|Any CPU
		{D93F88BA-27F2-4238-ADB2-F0C9E0B5203A}.Release|Any CPU.Build.0 = Release|Any CPU
	EndGlobalSection
	GlobalSection(SolutionProperties) = preSolution
		HideSolutionNode = FALSE
	EndGlobalSection
EndGlobal
