
Microsoft Visual Studio Solution File, Format Version 12.00
# Visual Studio 2012
Project("{FAE04EC0-301F-11D3-BF4B-00C04F79EFBC}") = "Task2", "Task2\Task2.csproj", "{D8152AA9-0ACF-4076-9A5F-BB69351647C5}"
EndProject
Global
	GlobalSection(SolutionConfigurationPlatforms) = preSolution
		Debug|Any CPU = Debug|Any CPU
		Release|Any CPU = Release|Any CPU
	EndGlobalSection
	GlobalSection(ProjectConfigurationPlatforms) = postSolution
		{D8152AA9-0ACF-4076-9A5F-BB69351647C5}.Debug|Any CPU.ActiveCfg = Debug|Any CPU
		{D8152AA9-0ACF-4076-9A5F-BB69351647C5}.Debug|Any CPU.Build.0 = Debug|Any CPU
		{D8152AA9-0ACF-4076-9A5F-BB69351647C5}.Release|Any CPU.ActiveCfg = Release|Any CPU
		{D8152AA9-0ACF-4076-9A5F-BB69351647C5}.Release|Any CPU.Build.0 = Release|Any CPU
	EndGlobalSection
	GlobalSection(SolutionProperties) = preSolution
		HideSolutionNode = FALSE
	EndGlobalSection
EndGlobal
